
Microsoft Visual Studio Solution File, Format Version 12.00
# Visual Studio 14
VisualStudioVersion = 14.0.22310.1
MinimumVisualStudioVersion = 10.0.40219.1
Project("{FAE04EC0-301F-11D3-BF4B-00C04F79EFBC}") = "WPFMVVMv_NET4_0", "WPFMVVMv_NET4_0\WPFMVVMv_NET4_0.csproj", "{D12B4373-1998-4E2D-A112-A248380DBFD1}"
EndProject
Project("{FAE04EC0-301F-11D3-BF4B-00C04F79EFBC}") = "WPFMVVMv_NET4_0.Test", "WPFMVVMv_NET4_0.Test\WPFMVVMv_NET4_0.Test.csproj", "{212F90C0-89A7-42B4-8E77-E3F0CDEFCE3B}"
EndProject
Project("{FAE04EC0-301F-11D3-BF4B-00C04F79EFBC}") = "WPFMVVMv_NET4_5.Test", "WPFMVVMv_NET4_5.Test\WPFMVVMv_NET4_5.Test.csproj", "{DA4D36C0-4119-4041-BD76-3AAE5CEACAF1}"
EndProject
Project("{FAE04EC0-301F-11D3-BF4B-00C04F79EFBC}") = "WPFMVVMv_NET4_5", "WPFMVVMv_NET4_5\WPFMVVMv_NET4_5.csproj", "{01293B29-65FA-41B3-894A-E2F2B5911948}"
EndProject
Global
	GlobalSection(SolutionConfigurationPlatforms) = preSolution
		Debug|Any CPU = Debug|Any CPU
		Debug|ARM = Debug|ARM
		Debug|x64 = Debug|x64
		Debug|x86 = Debug|x86
		Release|Any CPU = Release|Any CPU
		Release|ARM = Release|ARM
		Release|x64 = Release|x64
		Release|x86 = Release|x86
	EndGlobalSection
	GlobalSection(ProjectConfigurationPlatforms) = postSolution
		{D12B4373-1998-4E2D-A112-A248380DBFD1}.Debug|Any CPU.ActiveCfg = Debug|Any CPU
		{D12B4373-1998-4E2D-A112-A248380DBFD1}.Debug|Any CPU.Build.0 = Debug|Any CPU
		{D12B4373-1998-4E2D-A112-A248380DBFD1}.Debug|ARM.ActiveCfg = Debug|Any CPU
		{D12B4373-1998-4E2D-A112-A248380DBFD1}.Debug|ARM.Build.0 = Debug|Any CPU
		{D12B4373-1998-4E2D-A112-A248380DBFD1}.Debug|x64.ActiveCfg = Debug|Any CPU
		{D12B4373-1998-4E2D-A112-A248380DBFD1}.Debug|x64.Build.0 = Debug|Any CPU
		{D12B4373-1998-4E2D-A112-A248380DBFD1}.Debug|x86.ActiveCfg = Debug|Any CPU
		{D12B4373-1998-4E2D-A112-A248380DBFD1}.Debug|x86.Build.0 = Debug|Any CPU
		{D12B4373-1998-4E2D-A112-A248380DBFD1}.Release|Any CPU.ActiveCfg = Release|Any CPU
		{D12B4373-1998-4E2D-A112-A248380DBFD1}.Release|Any CPU.Build.0 = Release|Any CPU
		{D12B4373-1998-4E2D-A112-A248380DBFD1}.Release|ARM.ActiveCfg = Release|Any CPU
		{D12B4373-1998-4E2D-A112-A248380DBFD1}.Release|ARM.Build.0 = Release|Any CPU
		{D12B4373-1998-4E2D-A112-A248380DBFD1}.Release|x64.ActiveCfg = Release|Any CPU
		{D12B4373-1998-4E2D-A112-A248380DBFD1}.Release|x64.Build.0 = Release|Any CPU
		{D12B4373-1998-4E2D-A112-A248380DBFD1}.Release|x86.ActiveCfg = Release|Any CPU
		{D12B4373-1998-4E2D-A112-A248380DBFD1}.Release|x86.Build.0 = Release|Any CPU
		{212F90C0-89A7-42B4-8E77-E3F0CDEFCE3B}.Debug|Any CPU.ActiveCfg = Debug|Any CPU
		{212F90C0-89A7-42B4-8E77-E3F0CDEFCE3B}.Debug|Any CPU.Build.0 = Debug|Any CPU
		{212F90C0-89A7-42B4-8E77-E3F0CDEFCE3B}.Debug|Any CPU.Deploy.0 = Debug|Any CPU
		{212F90C0-89A7-42B4-8E77-E3F0CDEFCE3B}.Debug|ARM.ActiveCfg = Debug|ARM
		{212F90C0-89A7-42B4-8E77-E3F0CDEFCE3B}.Debug|ARM.Build.0 = Debug|ARM
		{212F90C0-89A7-42B4-8E77-E3F0CDEFCE3B}.Debug|ARM.Deploy.0 = Debug|ARM
		{212F90C0-89A7-42B4-8E77-E3F0CDEFCE3B}.Debug|x64.ActiveCfg = Debug|x64
		{212F90C0-89A7-42B4-8E77-E3F0CDEFCE3B}.Debug|x64.Build.0 = Debug|x64
		{212F90C0-89A7-42B4-8E77-E3F0CDEFCE3B}.Debug|x64.Deploy.0 = Debug|x64
		{212F90C0-89A7-42B4-8E77-E3F0CDEFCE3B}.Debug|x86.ActiveCfg = Debug|x86
		{212F90C0-89A7-42B4-8E77-E3F0CDEFCE3B}.Debug|x86.Build.0 = Debug|x86
		{212F90C0-89A7-42B4-8E77-E3F0CDEFCE3B}.Debug|x86.Deploy.0 = Debug|x86
		{212F90C0-89A7-42B4-8E77-E3F0CDEFCE3B}.Release|Any CPU.ActiveCfg = Release|Any CPU
		{212F90C0-89A7-42B4-8E77-E3F0CDEFCE3B}.Release|Any CPU.Build.0 = Release|Any CPU
		{212F90C0-89A7-42B4-8E77-E3F0CDEFCE3B}.Release|Any CPU.Deploy.0 = Release|Any CPU
		{212F90C0-89A7-42B4-8E77-E3F0CDEFCE3B}.Release|ARM.ActiveCfg = Release|ARM
		{212F90C0-89A7-42B4-8E77-E3F0CDEFCE3B}.Release|ARM.Build.0 = Release|ARM
		{212F90C0-89A7-42B4-8E77-E3F0CDEFCE3B}.Release|ARM.Deploy.0 = Release|ARM
		{212F90C0-89A7-42B4-8E77-E3F0CDEFCE3B}.Release|x64.ActiveCfg = Release|x64
		{212F90C0-89A7-42B4-8E77-E3F0CDEFCE3B}.Release|x64.Build.0 = Release|x64
		{212F90C0-89A7-42B4-8E77-E3F0CDEFCE3B}.Release|x64.Deploy.0 = Release|x64
		{212F90C0-89A7-42B4-8E77-E3F0CDEFCE3B}.Release|x86.ActiveCfg = Release|x86
		{212F90C0-89A7-42B4-8E77-E3F0CDEFCE3B}.Release|x86.Build.0 = Release|x86
		{212F90C0-89A7-42B4-8E77-E3F0CDEFCE3B}.Release|x86.Deploy.0 = Release|x86
		{DA4D36C0-4119-4041-BD76-3AAE5CEACAF1}.Debug|Any CPU.ActiveCfg = Debug|Any CPU
		{DA4D36C0-4119-4041-BD76-3AAE5CEACAF1}.Debug|Any CPU.Build.0 = Debug|Any CPU
		{DA4D36C0-4119-4041-BD76-3AAE5CEACAF1}.Debug|Any CPU.Deploy.0 = Debug|Any CPU
		{DA4D36C0-4119-4041-BD76-3AAE5CEACAF1}.Debug|ARM.ActiveCfg = Debug|ARM
		{DA4D36C0-4119-4041-BD76-3AAE5CEACAF1}.Debug|ARM.Build.0 = Debug|ARM
		{DA4D36C0-4119-4041-BD76-3AAE5CEACAF1}.Debug|ARM.Deploy.0 = Debug|ARM
		{DA4D36C0-4119-4041-BD76-3AAE5CEACAF1}.Debug|x64.ActiveCfg = Debug|x64
		{DA4D36C0-4119-4041-BD76-3AAE5CEACAF1}.Debug|x64.Build.0 = Debug|x64
		{DA4D36C0-4119-4041-BD76-3AAE5CEACAF1}.Debug|x64.Deploy.0 = Debug|x64
		{DA4D36C0-4119-4041-BD76-3AAE5CEACAF1}.Debug|x86.ActiveCfg = Debug|x86
		{DA4D36C0-4119-4041-BD76-3AAE5CEACAF1}.Debug|x86.Build.0 = Debug|x86
		{DA4D36C0-4119-4041-BD76-3AAE5CEACAF1}.Debug|x86.Deploy.0 = Debug|x86
		{DA4D36C0-4119-4041-BD76-3AAE5CEACAF1}.Release|Any CPU.ActiveCfg = Release|Any CPU
		{DA4D36C0-4119-4041-BD76-3AAE5CEACAF1}.Release|Any CPU.Build.0 = Release|Any CPU
		{DA4D36C0-4119-4041-BD76-3AAE5CEACAF1}.Release|Any CPU.Deploy.0 = Release|Any CPU
		{DA4D36C0-4119-4041-BD76-3AAE5CEACAF1}.Release|ARM.ActiveCfg = Release|ARM
		{DA4D36C0-4119-4041-BD76-3AAE5CEACAF1}.Release|ARM.Build.0 = Release|ARM
		{DA4D36C0-4119-4041-BD76-3AAE5CEACAF1}.Release|ARM.Deploy.0 = Release|ARM
		{DA4D36C0-4119-4041-BD76-3AAE5CEACAF1}.Release|x64.ActiveCfg = Release|x64
		{DA4D36C0-4119-4041-BD76-3AAE5CEACAF1}.Release|x64.Build.0 = Release|x64
		{DA4D36C0-4119-4041-BD76-3AAE5CEACAF1}.Release|x64.Deploy.0 = Release|x64
		{DA4D36C0-4119-4041-BD76-3AAE5CEACAF1}.Release|x86.ActiveCfg = Release|x86
		{DA4D36C0-4119-4041-BD76-3AAE5CEACAF1}.Release|x86.Build.0 = Release|x86
		{DA4D36C0-4119-4041-BD76-3AAE5CEACAF1}.Release|x86.Deploy.0 = Release|x86
		{01293B29-65FA-41B3-894A-E2F2B5911948}.Debug|Any CPU.ActiveCfg = Debug|Any CPU
		{01293B29-65FA-41B3-894A-E2F2B5911948}.Debug|Any CPU.Build.0 = Debug|Any CPU
		{01293B29-65FA-41B3-894A-E2F2B5911948}.Debug|ARM.ActiveCfg = Debug|Any CPU
		{01293B29-65FA-41B3-894A-E2F2B5911948}.Debug|ARM.Build.0 = Debug|Any CPU
		{01293B29-65FA-41B3-894A-E2F2B5911948}.Debug|x64.ActiveCfg = Debug|Any CPU
		{01293B29-65FA-41B3-894A-E2F2B5911948}.Debug|x64.Build.0 = Debug|Any CPU
		{01293B29-65FA-41B3-894A-E2F2B5911948}.Debug|x86.ActiveCfg = Debug|Any CPU
		{01293B29-65FA-41B3-894A-E2F2B5911948}.Debug|x86.Build.0 = Debug|Any CPU
		{01293B29-65FA-41B3-894A-E2F2B5911948}.Release|Any CPU.ActiveCfg = Release|Any CPU
		{01293B29-65FA-41B3-894A-E2F2B5911948}.Release|Any CPU.Build.0 = Release|Any CPU
		{01293B29-65FA-41B3-894A-E2F2B5911948}.Release|ARM.ActiveCfg = Release|Any CPU
		{01293B29-65FA-41B3-894A-E2F2B5911948}.Release|ARM.Build.0 = Release|Any CPU
		{01293B29-65FA-41B3-894A-E2F2B5911948}.Release|x64.ActiveCfg = Release|Any CPU
		{01293B29-65FA-41B3-894A-E2F2B5911948}.Release|x64.Build.0 = Release|Any CPU
		{01293B29-65FA-41B3-894A-E2F2B5911948}.Release|x86.ActiveCfg = Release|Any CPU
		{01293B29-65FA-41B3-894A-E2F2B5911948}.Release|x86.Build.0 = Release|Any CPU
	EndGlobalSection
	GlobalSection(SolutionProperties) = preSolution
		HideSolutionNode = FALSE
	EndGlobalSection
EndGlobal
